<?xml version="1.0" encoding="utf-8"?>
<Project ToolsVersion="4.0" xmlns="http://schemas.microsoft.com/developer/msbuild/2003">
  <ItemGroup>
    <CopyFileToFolders Include="Documents\Deutsch\Deckblatt.tex">
      <Filter>Documents\Deutsch</Filter>
    </CopyFileToFolders>
    <CopyFileToFolders Include="Documents\Deutsch\OptionenAbkürzungen.tex">
      <Filter>Documents\Deutsch</Filter>
    </CopyFileToFolders>
    <CopyFileToFolders Include="Documents\Deutsch\OptionenLayout.tex">
      <Filter>Documents\Deutsch</Filter>
    </CopyFileToFolders>
    <CopyFileToFolders Include="Documents\Deutsch erweitert\OptionenErweitert.tex">
      <Filter>Documents\Deutsch erweitert</Filter>
    </CopyFileToFolders>
    <CopyFileToFolders Include="Documents\Deutsch erweitert\OptionenMath.tex">
      <Filter>Documents\Deutsch erweitert</Filter>
    </CopyFileToFolders>
    <CopyFileToFolders Include="Documents\Deutsch erweitert\PDFInfos.tex">
      <Filter>Documents\Deutsch erweitert</Filter>
    </CopyFileToFolders>
    <CopyFileToFolders Include="Documents\English\OptionsAbbreviations.tex">
      <Filter>Documents\English</Filter>
    </CopyFileToFolders>
    <CopyFileToFolders Include="Documents\English\OptionsLayout.tex">
      <Filter>Documents\English</Filter>
    </CopyFileToFolders>
    <CopyFileToFolders Include="Documents\English\Titlepage.tex">
      <Filter>Documents\English</Filter>
    </CopyFileToFolders>
    <CopyFileToFolders Include="Documents\English advanced\OptionsAdvanced.tex">
      <Filter>Documents\English advanced</Filter>
    </CopyFileToFolders>
    <CopyFileToFolders Include="Documents\English advanced\OptionsMath.tex">
      <Filter>Documents\English advanced</Filter>
    </CopyFileToFolders>
    <CopyFileToFolders Include="Documents\English advanced\PDFInfos.tex">
      <Filter>Documents\English advanced</Filter>
    </CopyFileToFolders>
    <CopyFileToFolders Include="Projects\Deutsch\Brief.tex">
      <Filter>Projects\Deutsch</Filter>
    </CopyFileToFolders>
    <CopyFileToFolders Include="Projects\Deutsch\KOMA-Brief.tex">
      <Filter>Projects\Deutsch</Filter>
    </CopyFileToFolders>
    <CopyFileToFolders Include="Projects\Deutsch\KOMAArtikel.tex">
      <Filter>Projects\Deutsch</Filter>
    </CopyFileToFolders>
    <CopyFileToFolders Include="Projects\Deutsch\lebenslauf.tex">
      <Filter>Projects\Deutsch</Filter>
    </CopyFileToFolders>
    <CopyFileToFolders Include="Projects\Deutsch\Report.tex">
      <Filter>Projects\Deutsch</Filter>
    </CopyFileToFolders>
    <CopyFileToFolders Include="Projects\Deutsch erweitert\KOMABuch.tex">
      <Filter>Projects\Deutsch erweitert</Filter>
    </CopyFileToFolders>
    <CopyFileToFolders Include="Projects\Deutsch erweitert\prospereinfach.tex">
      <Filter>Projects\Deutsch erweitert</Filter>
    </CopyFileToFolders>
    <CopyFileToFolders Include="Projects\English\Letter.tex">
      <Filter>Projects\English</Filter>
    </CopyFileToFolders>
    <CopyFileToFolders Include="Projects\English\Report.tex">
      <Filter>Projects\English</Filter>
    </CopyFileToFolders>
    <CopyFileToFolders Include="Projects\English\Slides.tex">
      <Filter>Projects\English</Filter>
    </CopyFileToFolders>
    <CopyFileToFolders Include="Projects\English advanced\Basic Article.tex">
      <Filter>Projects\English advanced</Filter>
    </CopyFileToFolders>
    <CopyFileToFolders Include="Projects\English advanced\Book.tex">
      <Filter>Projects\English advanced</Filter>
    </CopyFileToFolders>
    <CopyFileToFolders Include="Projects\English advanced\Foils.tex">
      <Filter>Projects\English advanced</Filter>
    </CopyFileToFolders>
    <CopyFileToFolders Include="Projects\English advanced\Mathematical Article.tex">
      <Filter>Projects\English advanced</Filter>
    </CopyFileToFolders>
    <CopyFileToFolders Include="Projects\English advanced\Mathematical Book.tex">
      <Filter>Projects\English advanced</Filter>
    </CopyFileToFolders>
    <CopyFileToFolders Include="Projects\English advanced\Simple Letter.tex">
      <Filter>Projects\English advanced</Filter>
    </CopyFileToFolders>
    <CopyFileToFolders Include="Projects\English advanced\Simple Report.tex">
      <Filter>Projects\English advanced</Filter>
    </CopyFileToFolders>
    <CopyFileToFolders Include="Projects\English advanced\Technical Report.tex">
      <Filter>Projects\English advanced</Filter>
    </CopyFileToFolders>
    <CopyFileToFolders Include="Preview\Vanilla LaTeX.tex">
      <Filter>Preview</Filter>
    </CopyFileToFolders>
    <CopyFileToFolders Include="Preview\VGTC-like.tex">
      <Filter>Preview</Filter>
    </CopyFileToFolders>
  </ItemGroup>
  <ItemGroup>
    <Filter Include="Documents">
    </Filter>
    <Filter Include="Documents\Deutsch">
    </Filter>
    <Filter Include="Documents\Deutsch erweitert">
    </Filter>
    <Filter Include="Documents\English">
    </Filter>
    <Filter Include="Documents\English advanced">
    </Filter>
    <Filter Include="Projects">
    </Filter>
    <Filter Include="Projects\Deutsch">
    </Filter>
    <Filter Include="Projects\Deutsch erweitert">
    </Filter>
    <Filter Include="Projects\English">
    </Filter>
    <Filter Include="Projects\English advanced">
    </Filter>
    <Filter Include="Preview">
    </Filter>
  </ItemGroup>
</Project>
